
Microsoft Visual Studio Solution File, Format Version 12.00
# Visual Studio 15
VisualStudioVersion = 15.0.28307.539
MinimumVisualStudioVersion = 10.0.40219.1
Project("{FAE04EC0-301F-11D3-BF4B-00C04F79EFBC}") = "QuanLyVVP", "QuanLyVVP\QuanLyVVP.csproj", "{B29360F3-CAA8-4D50-8F2B-D66929A3104D}"
EndProject
Global
	GlobalSection(SolutionConfigurationPlatforms) = preSolution
		Debug|Any CPU = Debug|Any CPU
		Debug|x64 = Debug|x64
		Release|Any CPU = Release|Any CPU
		Release|x64 = Release|x64
	EndGlobalSection
	GlobalSection(ProjectConfigurationPlatforms) = postSolution
		{B29360F3-CAA8-4D50-8F2B-D66929A3104D}.Debug|Any CPU.ActiveCfg = Debug|Any CPU
		{B29360F3-CAA8-4D50-8F2B-D66929A3104D}.Debug|Any CPU.Build.0 = Debug|Any CPU
		{B29360F3-CAA8-4D50-8F2B-D66929A3104D}.Debug|x64.ActiveCfg = Debug|x64
		{B29360F3-CAA8-4D50-8F2B-D66929A3104D}.Debug|x64.Build.0 = Debug|x64
		{B29360F3-CAA8-4D50-8F2B-D66929A3104D}.Release|Any CPU.ActiveCfg = Release|Any CPU
		{B29360F3-CAA8-4D50-8F2B-D66929A3104D}.Release|Any CPU.Build.0 = Release|Any CPU
		{B29360F3-CAA8-4D50-8F2B-D66929A3104D}.Release|x64.ActiveCfg = Release|x64
		{B29360F3-CAA8-4D50-8F2B-D66929A3104D}.Release|x64.Build.0 = Release|x64
	EndGlobalSection
	GlobalSection(SolutionProperties) = preSolution
		HideSolutionNode = FALSE
	EndGlobalSection
	GlobalSection(ExtensibilityGlobals) = postSolution
		SolutionGuid = {355ACD85-1A01-4563-AF7D-3979E96CF670}
	EndGlobalSection
EndGlobal
